
Microsoft Visual Studio Solution File, Format Version 12.00
# Visual Studio Version 16
VisualStudioVersion = 16.0.30114.105
MinimumVisualStudioVersion = 10.0.40219.1
Project("{FAE04EC0-301F-11D3-BF4B-00C04F79EFBC}") = "HelloWorld", "00_HelloWorld\HelloWorld.csproj", "{F996B8A3-F4B9-437C-87EE-97F8B9678F2A}"
EndProject
Project("{FAE04EC0-301F-11D3-BF4B-00C04F79EFBC}") = "Variables", "01_Varaibles\Variables.csproj", "{1FE8669F-2ED9-4111-BD4D-EEA80A24D86C}"
EndProject
Project("{FAE04EC0-301F-11D3-BF4B-00C04F79EFBC}") = "Types", "02_Types\Types.csproj", "{A6B45661-A5B0-4F3F-B70C-0B381A0E846A}"
EndProject
Project("{FAE04EC0-301F-11D3-BF4B-00C04F79EFBC}") = "Operators", "03_Operators\Operators.csproj", "{6180E9E6-C3FA-4BA7-9E22-B4AF5648CC7A}"
EndProject
Project("{2150E333-8FDC-42A3-9474-1A3956D46DE8}") = "04_ReferenceTypes", "04_ReferenceTypes", "{D878D477-1943-4E95-BECC-ED83E28C48E0}"
EndProject
Project("{FAE04EC0-301F-11D3-BF4B-00C04F79EFBC}") = "Strings", "04_ReferenceTypes\Strings\Strings.csproj", "{021D1D95-CCCC-4924-896D-A8689E8E67E2}"
EndProject
Project("{FAE04EC0-301F-11D3-BF4B-00C04F79EFBC}") = "Collections", "04_ReferenceTypes\Collections\Collections.csproj", "{41B593E7-F472-437D-9190-2CC10E21B15F}"
EndProject
Project("{FAE04EC0-301F-11D3-BF4B-00C04F79EFBC}") = "Booleans", "05_Booleans\Booleans.csproj", "{D4A0DB57-39F7-4520-A837-EBBB6D4C5E3C}"
EndProject
Project("{2150E333-8FDC-42A3-9474-1A3956D46DE8}") = "06_Conditionals", "06_Conditionals", "{96F32360-23AA-433E-88F8-02F3592A7567}"
EndProject
Project("{FAE04EC0-301F-11D3-BF4B-00C04F79EFBC}") = "IfStatements", "06_Conditionals\IfStatements\IfStatements.csproj", "{703A2030-AFFF-481E-965D-9F1249FE6DDB}"
EndProject
Project("{FAE04EC0-301F-11D3-BF4B-00C04F79EFBC}") = "Ternaries", "06_Conditionals\Ternaries\Ternaries.csproj", "{B46F6EA2-8F81-416A-9D1E-34DFAD43665D}"
EndProject
Project("{FAE04EC0-301F-11D3-BF4B-00C04F79EFBC}") = "Switches", "06_Conditionals\Switches\Switches.csproj", "{DD56012F-E98A-4B2F-997C-0A3726A9846C}"
EndProject
Project("{2150E333-8FDC-42A3-9474-1A3956D46DE8}") = "07_Loops", "07_Loops", "{51F836D9-42FA-4CD4-8E48-CCF42FAD5917}"
EndProject
Project("{FAE04EC0-301F-11D3-BF4B-00C04F79EFBC}") = "ForLoops", "07_Loops\For\ForLoops.csproj", "{AE03D66D-1BB5-48F8-890D-A900659AEA9F}"
EndProject
Project("{FAE04EC0-301F-11D3-BF4B-00C04F79EFBC}") = "ForeachLoops", "07_Loops\Foreach\ForeachLoops.csproj", "{208974A0-9B51-4B7B-99E9-59AC424765D9}"
EndProject
Project("{FAE04EC0-301F-11D3-BF4B-00C04F79EFBC}") = "Classes", "08_Classes\Classes.csproj", "{A70E4B53-262E-42D1-8D33-2A92D35FF56C}"
EndProject
Global
	GlobalSection(SolutionConfigurationPlatforms) = preSolution
		Debug|Any CPU = Debug|Any CPU
		Release|Any CPU = Release|Any CPU
	EndGlobalSection
	GlobalSection(SolutionProperties) = preSolution
		HideSolutionNode = FALSE
	EndGlobalSection
	GlobalSection(ProjectConfigurationPlatforms) = postSolution
		{F996B8A3-F4B9-437C-87EE-97F8B9678F2A}.Debug|Any CPU.ActiveCfg = Debug|Any CPU
		{F996B8A3-F4B9-437C-87EE-97F8B9678F2A}.Debug|Any CPU.Build.0 = Debug|Any CPU
		{F996B8A3-F4B9-437C-87EE-97F8B9678F2A}.Release|Any CPU.ActiveCfg = Release|Any CPU
		{F996B8A3-F4B9-437C-87EE-97F8B9678F2A}.Release|Any CPU.Build.0 = Release|Any CPU
		{1FE8669F-2ED9-4111-BD4D-EEA80A24D86C}.Debug|Any CPU.ActiveCfg = Debug|Any CPU
		{1FE8669F-2ED9-4111-BD4D-EEA80A24D86C}.Debug|Any CPU.Build.0 = Debug|Any CPU
		{1FE8669F-2ED9-4111-BD4D-EEA80A24D86C}.Release|Any CPU.ActiveCfg = Release|Any CPU
		{1FE8669F-2ED9-4111-BD4D-EEA80A24D86C}.Release|Any CPU.Build.0 = Release|Any CPU
		{A6B45661-A5B0-4F3F-B70C-0B381A0E846A}.Debug|Any CPU.ActiveCfg = Debug|Any CPU
		{A6B45661-A5B0-4F3F-B70C-0B381A0E846A}.Debug|Any CPU.Build.0 = Debug|Any CPU
		{A6B45661-A5B0-4F3F-B70C-0B381A0E846A}.Release|Any CPU.ActiveCfg = Release|Any CPU
		{A6B45661-A5B0-4F3F-B70C-0B381A0E846A}.Release|Any CPU.Build.0 = Release|Any CPU
		{6180E9E6-C3FA-4BA7-9E22-B4AF5648CC7A}.Debug|Any CPU.ActiveCfg = Debug|Any CPU
		{6180E9E6-C3FA-4BA7-9E22-B4AF5648CC7A}.Debug|Any CPU.Build.0 = Debug|Any CPU
		{6180E9E6-C3FA-4BA7-9E22-B4AF5648CC7A}.Release|Any CPU.ActiveCfg = Release|Any CPU
		{6180E9E6-C3FA-4BA7-9E22-B4AF5648CC7A}.Release|Any CPU.Build.0 = Release|Any CPU
		{021D1D95-CCCC-4924-896D-A8689E8E67E2}.Debug|Any CPU.ActiveCfg = Debug|Any CPU
		{021D1D95-CCCC-4924-896D-A8689E8E67E2}.Debug|Any CPU.Build.0 = Debug|Any CPU
		{021D1D95-CCCC-4924-896D-A8689E8E67E2}.Release|Any CPU.ActiveCfg = Release|Any CPU
		{021D1D95-CCCC-4924-896D-A8689E8E67E2}.Release|Any CPU.Build.0 = Release|Any CPU
		{41B593E7-F472-437D-9190-2CC10E21B15F}.Debug|Any CPU.ActiveCfg = Debug|Any CPU
		{41B593E7-F472-437D-9190-2CC10E21B15F}.Debug|Any CPU.Build.0 = Debug|Any CPU
		{41B593E7-F472-437D-9190-2CC10E21B15F}.Release|Any CPU.ActiveCfg = Release|Any CPU
		{41B593E7-F472-437D-9190-2CC10E21B15F}.Release|Any CPU.Build.0 = Release|Any CPU
		{D4A0DB57-39F7-4520-A837-EBBB6D4C5E3C}.Debug|Any CPU.ActiveCfg = Debug|Any CPU
		{D4A0DB57-39F7-4520-A837-EBBB6D4C5E3C}.Debug|Any CPU.Build.0 = Debug|Any CPU
		{D4A0DB57-39F7-4520-A837-EBBB6D4C5E3C}.Release|Any CPU.ActiveCfg = Release|Any CPU
		{D4A0DB57-39F7-4520-A837-EBBB6D4C5E3C}.Release|Any CPU.Build.0 = Release|Any CPU
		{703A2030-AFFF-481E-965D-9F1249FE6DDB}.Debug|Any CPU.ActiveCfg = Debug|Any CPU
		{703A2030-AFFF-481E-965D-9F1249FE6DDB}.Debug|Any CPU.Build.0 = Debug|Any CPU
		{703A2030-AFFF-481E-965D-9F1249FE6DDB}.Release|Any CPU.ActiveCfg = Release|Any CPU
		{703A2030-AFFF-481E-965D-9F1249FE6DDB}.Release|Any CPU.Build.0 = Release|Any CPU
		{B46F6EA2-8F81-416A-9D1E-34DFAD43665D}.Debug|Any CPU.ActiveCfg = Debug|Any CPU
		{B46F6EA2-8F81-416A-9D1E-34DFAD43665D}.Debug|Any CPU.Build.0 = Debug|Any CPU
		{B46F6EA2-8F81-416A-9D1E-34DFAD43665D}.Release|Any CPU.ActiveCfg = Release|Any CPU
		{B46F6EA2-8F81-416A-9D1E-34DFAD43665D}.Release|Any CPU.Build.0 = Release|Any CPU
		{DD56012F-E98A-4B2F-997C-0A3726A9846C}.Debug|Any CPU.ActiveCfg = Debug|Any CPU
		{DD56012F-E98A-4B2F-997C-0A3726A9846C}.Debug|Any CPU.Build.0 = Debug|Any CPU
		{DD56012F-E98A-4B2F-997C-0A3726A9846C}.Release|Any CPU.ActiveCfg = Release|Any CPU
		{DD56012F-E98A-4B2F-997C-0A3726A9846C}.Release|Any CPU.Build.0 = Release|Any CPU
		{AE03D66D-1BB5-48F8-890D-A900659AEA9F}.Debug|Any CPU.ActiveCfg = Debug|Any CPU
		{AE03D66D-1BB5-48F8-890D-A900659AEA9F}.Debug|Any CPU.Build.0 = Debug|Any CPU
		{AE03D66D-1BB5-48F8-890D-A900659AEA9F}.Release|Any CPU.ActiveCfg = Release|Any CPU
		{AE03D66D-1BB5-48F8-890D-A900659AEA9F}.Release|Any CPU.Build.0 = Release|Any CPU
		{208974A0-9B51-4B7B-99E9-59AC424765D9}.Debug|Any CPU.ActiveCfg = Debug|Any CPU
		{208974A0-9B51-4B7B-99E9-59AC424765D9}.Debug|Any CPU.Build.0 = Debug|Any CPU
		{208974A0-9B51-4B7B-99E9-59AC424765D9}.Release|Any CPU.ActiveCfg = Release|Any CPU
		{208974A0-9B51-4B7B-99E9-59AC424765D9}.Release|Any CPU.Build.0 = Release|Any CPU
		{A70E4B53-262E-42D1-8D33-2A92D35FF56C}.Debug|Any CPU.ActiveCfg = Debug|Any CPU
		{A70E4B53-262E-42D1-8D33-2A92D35FF56C}.Debug|Any CPU.Build.0 = Debug|Any CPU
		{A70E4B53-262E-42D1-8D33-2A92D35FF56C}.Release|Any CPU.ActiveCfg = Release|Any CPU
		{A70E4B53-262E-42D1-8D33-2A92D35FF56C}.Release|Any CPU.Build.0 = Release|Any CPU
	EndGlobalSection
	GlobalSection(NestedProjects) = preSolution
		{021D1D95-CCCC-4924-896D-A8689E8E67E2} = {D878D477-1943-4E95-BECC-ED83E28C48E0}
		{41B593E7-F472-437D-9190-2CC10E21B15F} = {D878D477-1943-4E95-BECC-ED83E28C48E0}
		{703A2030-AFFF-481E-965D-9F1249FE6DDB} = {96F32360-23AA-433E-88F8-02F3592A7567}
		{B46F6EA2-8F81-416A-9D1E-34DFAD43665D} = {96F32360-23AA-433E-88F8-02F3592A7567}
		{DD56012F-E98A-4B2F-997C-0A3726A9846C} = {96F32360-23AA-433E-88F8-02F3592A7567}
		{AE03D66D-1BB5-48F8-890D-A900659AEA9F} = {51F836D9-42FA-4CD4-8E48-CCF42FAD5917}
		{208974A0-9B51-4B7B-99E9-59AC424765D9} = {51F836D9-42FA-4CD4-8E48-CCF42FAD5917}
	EndGlobalSection
EndGlobal
