
Microsoft Visual Studio Solution File, Format Version 12.00
# Visual Studio Version 16
VisualStudioVersion = 16.0.30114.105
MinimumVisualStudioVersion = 10.0.40219.1
Project("{FAE04EC0-301F-11D3-BF4B-00C04F79EFBC}") = "HelloWorld", "00_HelloWorld\HelloWorld.csproj", "{F996B8A3-F4B9-437C-87EE-97F8B9678F2A}"
EndProject
Project("{FAE04EC0-301F-11D3-BF4B-00C04F79EFBC}") = "Variables", "01_Varaibles\Variables.csproj", "{1FE8669F-2ED9-4111-BD4D-EEA80A24D86C}"
EndProject
Project("{FAE04EC0-301F-11D3-BF4B-00C04F79EFBC}") = "Types", "02_Types\Types.csproj", "{A6B45661-A5B0-4F3F-B70C-0B381A0E846A}"
EndProject
Global
	GlobalSection(SolutionConfigurationPlatforms) = preSolution
		Debug|Any CPU = Debug|Any CPU
		Release|Any CPU = Release|Any CPU
	EndGlobalSection
	GlobalSection(SolutionProperties) = preSolution
		HideSolutionNode = FALSE
	EndGlobalSection
	GlobalSection(ProjectConfigurationPlatforms) = postSolution
		{F996B8A3-F4B9-437C-87EE-97F8B9678F2A}.Debug|Any CPU.ActiveCfg = Debug|Any CPU
		{F996B8A3-F4B9-437C-87EE-97F8B9678F2A}.Debug|Any CPU.Build.0 = Debug|Any CPU
		{F996B8A3-F4B9-437C-87EE-97F8B9678F2A}.Release|Any CPU.ActiveCfg = Release|Any CPU
		{F996B8A3-F4B9-437C-87EE-97F8B9678F2A}.Release|Any CPU.Build.0 = Release|Any CPU
		{1FE8669F-2ED9-4111-BD4D-EEA80A24D86C}.Debug|Any CPU.ActiveCfg = Debug|Any CPU
		{1FE8669F-2ED9-4111-BD4D-EEA80A24D86C}.Debug|Any CPU.Build.0 = Debug|Any CPU
		{1FE8669F-2ED9-4111-BD4D-EEA80A24D86C}.Release|Any CPU.ActiveCfg = Release|Any CPU
		{1FE8669F-2ED9-4111-BD4D-EEA80A24D86C}.Release|Any CPU.Build.0 = Release|Any CPU
		{A6B45661-A5B0-4F3F-B70C-0B381A0E846A}.Debug|Any CPU.ActiveCfg = Debug|Any CPU
		{A6B45661-A5B0-4F3F-B70C-0B381A0E846A}.Debug|Any CPU.Build.0 = Debug|Any CPU
		{A6B45661-A5B0-4F3F-B70C-0B381A0E846A}.Release|Any CPU.ActiveCfg = Release|Any CPU
		{A6B45661-A5B0-4F3F-B70C-0B381A0E846A}.Release|Any CPU.Build.0 = Release|Any CPU
	EndGlobalSection
EndGlobal
